
Microsoft Visual Studio Solution File, Format Version 12.00
# Visual Studio Version 16
VisualStudioVersion = 16.0.29123.88
MinimumVisualStudioVersion = 10.0.40219.1
Project("{FAE04EC0-301F-11D3-BF4B-00C04F79EFBC}") = "ClassLibrary1", "ClassLibrary1\ClassLibrary1.csproj", "{AFD3B65B-FC04-4448-A18E-2D66F0D660C8}"
EndProject
Global
	GlobalSection(SolutionConfigurationPlatforms) = preSolution
		Debug|Any CPU = Debug|Any CPU
		Release|Any CPU = Release|Any CPU
	EndGlobalSection
	GlobalSection(ProjectConfigurationPlatforms) = postSolution
		{AFD3B65B-FC04-4448-A18E-2D66F0D660C8}.Debug|Any CPU.ActiveCfg = Debug|Any CPU
		{AFD3B65B-FC04-4448-A18E-2D66F0D660C8}.Debug|Any CPU.Build.0 = Debug|Any CPU
		{AFD3B65B-FC04-4448-A18E-2D66F0D660C8}.Release|Any CPU.ActiveCfg = Release|Any CPU
		{AFD3B65B-FC04-4448-A18E-2D66F0D660C8}.Release|Any CPU.Build.0 = Release|Any CPU
	EndGlobalSection
	GlobalSection(SolutionProperties) = preSolution
		HideSolutionNode = FALSE
	EndGlobalSection
	GlobalSection(ExtensibilityGlobals) = postSolution
		SolutionGuid = {BCF56A42-CA1D-4552-AD51-68BA7F81E9F8}
	EndGlobalSection
EndGlobal
